
Microsoft Visual Studio Solution File, Format Version 9.00
# Visual Studio 2005
Project("{930C7802-8A8C-48F9-8165-68863BCCD9DD}") = "Calculator", "Calculator.wixproj", "{A9E613A2-F608-4BF2-9170-D9F5FB04077E}"
EndProject
Global
	GlobalSection(SolutionConfigurationPlatforms) = preSolution
		Debug|Any CPU = Debug|Any CPU
		Release|Any CPU = Release|Any CPU
	EndGlobalSection
	GlobalSection(ProjectConfigurationPlatforms) = postSolution
		{A9E613A2-F608-4BF2-9170-D9F5FB04077E}.Debug|Any CPU.ActiveCfg = Debug|Any CPU
		{A9E613A2-F608-4BF2-9170-D9F5FB04077E}.Debug|Any CPU.Build.0 = Debug|Any CPU
		{A9E613A2-F608-4BF2-9170-D9F5FB04077E}.Release|Any CPU.ActiveCfg = Release|Any CPU
		{A9E613A2-F608-4BF2-9170-D9F5FB04077E}.Release|Any CPU.Build.0 = Release|Any CPU
	EndGlobalSection
	GlobalSection(SolutionProperties) = preSolution
		HideSolutionNode = FALSE
	EndGlobalSection
EndGlobal
